// !$*UTF8*$!
{
	archiveVersion = 1;
	classes = {
	};
	objectVersion = 46;
	objects = {

/* Begin PBXBuildFile section */
		577F845B1ED5E072001838FB /* AppDelegate.swift in Sources */ = {isa = PBXBuildFile; fileRef = 577F845A1ED5E072001838FB /* AppDelegate.swift */; };
		577F845D1ED5E072001838FB /* ViewController.swift in Sources */ = {isa = PBXBuildFile; fileRef = 577F845C1ED5E072001838FB /* ViewController.swift */; };
		577F84601ED5E072001838FB /* Main.storyboard in Resources */ = {isa = PBXBuildFile; fileRef = 577F845E1ED5E072001838FB /* Main.storyboard */; };
		577F84621ED5E072001838FB /* Assets.xcassets in Resources */ = {isa = PBXBuildFile; fileRef = 577F84611ED5E072001838FB /* Assets.xcassets */; };
		577F84651ED5E072001838FB /* LaunchScreen.storyboard in Resources */ = {isa = PBXBuildFile; fileRef = 577F84631ED5E072001838FB /* LaunchScreen.storyboard */; };
		577F84991ED5E78E001838FB /* CalculatorInputView.swift in Sources */ = {isa = PBXBuildFile; fileRef = 577F84981ED5E78E001838FB /* CalculatorInputView.swift */; };
		577F849B1ED5E79D001838FB /* CalculatorInputView.xib in Resources */ = {isa = PBXBuildFile; fileRef = 577F849A1ED5E79D001838FB /* CalculatorInputView.xib */; };
/* End PBXBuildFile section */

/* Begin PBXCopyFilesBuildPhase section */
		577F84971ED5E1B2001838FB /* Embed App Extensions */ = {
			isa = PBXCopyFilesBuildPhase;
			buildActionMask = 2147483647;
			dstPath = "";
			dstSubfolderSpec = 13;
			files = (
			);
			name = "Embed App Extensions";
			runOnlyForDeploymentPostprocessing = 0;
		};
/* End PBXCopyFilesBuildPhase section */

/* Begin PBXFileReference section */
		577F84571ED5E072001838FB /* Demo.app */ = {isa = PBXFileReference; explicitFileType = wrapper.application; includeInIndex = 0; path = Demo.app; sourceTree = BUILT_PRODUCTS_DIR; };
		577F845A1ED5E072001838FB /* AppDelegate.swift */ = {isa = PBXFileReference; lastKnownFileType = sourcecode.swift; path = AppDelegate.swift; sourceTree = "<group>"; };
		577F845C1ED5E072001838FB /* ViewController.swift */ = {isa = PBXFileReference; lastKnownFileType = sourcecode.swift; path = ViewController.swift; sourceTree = "<group>"; };
		577F845F1ED5E072001838FB /* Base */ = {isa = PBXFileReference; lastKnownFileType = file.storyboard; name = Base; path = Base.lproj/Main.storyboard; sourceTree = "<group>"; };
		577F84611ED5E072001838FB /* Assets.xcassets */ = {isa = PBXFileReference; lastKnownFileType = folder.assetcatalog; path = Assets.xcassets; sourceTree = "<group>"; };
		577F84641ED5E072001838FB /* Base */ = {isa = PBXFileReference; lastKnownFileType = file.storyboard; name = Base; path = Base.lproj/LaunchScreen.storyboard; sourceTree = "<group>"; };
		577F84661ED5E072001838FB /* Info.plist */ = {isa = PBXFileReference; lastKnownFileType = text.plist.xml; path = Info.plist; sourceTree = "<group>"; };
		577F84981ED5E78E001838FB /* CalculatorInputView.swift */ = {isa = PBXFileReference; fileEncoding = 4; lastKnownFileType = sourcecode.swift; path = CalculatorInputView.swift; sourceTree = "<group>"; };
		577F849A1ED5E79D001838FB /* CalculatorInputView.xib */ = {isa = PBXFileReference; fileEncoding = 4; lastKnownFileType = file.xib; path = CalculatorInputView.xib; sourceTree = "<group>"; };
/* End PBXFileReference section */

/* Begin PBXFrameworksBuildPhase section */
		577F84541ED5E072001838FB /* Frameworks */ = {
			isa = PBXFrameworksBuildPhase;
			buildActionMask = 2147483647;
			files = (
			);
			runOnlyForDeploymentPostprocessing = 0;
		};
/* End PBXFrameworksBuildPhase section */

/* Begin PBXGroup section */
		5740AD331ED71F6A002EA2DC /* CalculatorInputView */ = {
			isa = PBXGroup;
			children = (
				577F84981ED5E78E001838FB /* CalculatorInputView.swift */,
				577F849A1ED5E79D001838FB /* CalculatorInputView.xib */,
			);
			name = CalculatorInputView;
			sourceTree = "<group>";
		};
		5740AD341ED71F7F002EA2DC /* Supporting Files */ = {
			isa = PBXGroup;
			children = (
				577F84661ED5E072001838FB /* Info.plist */,
				577F845A1ED5E072001838FB /* AppDelegate.swift */,
				577F84611ED5E072001838FB /* Assets.xcassets */,
				577F84631ED5E072001838FB /* LaunchScreen.storyboard */,
			);
			name = "Supporting Files";
			sourceTree = "<group>";
		};
		5740AD351ED71F9C002EA2DC /* app */ = {
			isa = PBXGroup;
			children = (
				577F845C1ED5E072001838FB /* ViewController.swift */,
				577F845E1ED5E072001838FB /* Main.storyboard */,
			);
			name = app;
			sourceTree = "<group>";
		};
		577F844E1ED5E072001838FB = {
			isa = PBXGroup;
			children = (
				577F84591ED5E072001838FB /* Demo */,
				577F84581ED5E072001838FB /* Products */,
			);
			sourceTree = "<group>";
		};
		577F84581ED5E072001838FB /* Products */ = {
			isa = PBXGroup;
			children = (
				577F84571ED5E072001838FB /* Demo.app */,
			);
			name = Products;
			sourceTree = "<group>";
		};
		577F84591ED5E072001838FB /* Demo */ = {
			isa = PBXGroup;
			children = (
				5740AD351ED71F9C002EA2DC /* app */,
				5740AD331ED71F6A002EA2DC /* CalculatorInputView */,
				5740AD341ED71F7F002EA2DC /* Supporting Files */,
			);
			path = Demo;
			sourceTree = "<group>";
		};
/* End PBXGroup section */

/* Begin PBXNativeTarget section */
		577F84561ED5E072001838FB /* Demo */ = {
			isa = PBXNativeTarget;
			buildConfigurationList = 577F847F1ED5E073001838FB /* Build configuration list for PBXNativeTarget "Demo" */;
			buildPhases = (
				577F84531ED5E072001838FB /* Sources */,
				577F84541ED5E072001838FB /* Frameworks */,
				577F84551ED5E072001838FB /* Resources */,
				577F84971ED5E1B2001838FB /* Embed App Extensions */,
			);
			buildRules = (
			);
			dependencies = (
			);
			name = Demo;
			productName = Demo;
			productReference = 577F84571ED5E072001838FB /* Demo.app */;
			productType = "com.apple.product-type.application";
		};
/* End PBXNativeTarget section */

/* Begin PBXProject section */
		577F844F1ED5E072001838FB /* Project object */ = {
			isa = PBXProject;
			attributes = {
				LastSwiftUpdateCheck = 0830;
				LastUpgradeCheck = 0830;
				ORGANIZATIONNAME = "Molnar Kristian";
				TargetAttributes = {
					577F84561ED5E072001838FB = {
						CreatedOnToolsVersion = 8.3.1;
						DevelopmentTeam = EWU83H92V3;
						ProvisioningStyle = Automatic;
					};
				};
			};
			buildConfigurationList = 577F84521ED5E072001838FB /* Build configuration list for PBXProject "Demo" */;
			compatibilityVersion = "Xcode 3.2";
			developmentRegion = English;
			hasScannedForEncodings = 0;
			knownRegions = (
				en,
				Base,
			);
			mainGroup = 577F844E1ED5E072001838FB;
			productRefGroup = 577F84581ED5E072001838FB /* Products */;
			projectDirPath = "";
			projectRoot = "";
			targets = (
				577F84561ED5E072001838FB /* Demo */,
			);
		};
/* End PBXProject section */

/* Begin PBXResourcesBuildPhase section */
		577F84551ED5E072001838FB /* Resources */ = {
			isa = PBXResourcesBuildPhase;
			buildActionMask = 2147483647;
			files = (
				577F84651ED5E072001838FB /* LaunchScreen.storyboard in Resources */,
				577F849B1ED5E79D001838FB /* CalculatorInputView.xib in Resources */,
				577F84621ED5E072001838FB /* Assets.xcassets in Resources */,
				577F84601ED5E072001838FB /* Main.storyboard in Resources */,
			);
			runOnlyForDeploymentPostprocessing = 0;
		};
/* End PBXResourcesBuildPhase section */

/* Begin PBXSourcesBuildPhase section */
		577F84531ED5E072001838FB /* Sources */ = {
			isa = PBXSourcesBuildPhase;
			buildActionMask = 2147483647;
			files = (
				577F845D1ED5E072001838FB /* ViewController.swift in Sources */,
				577F84991ED5E78E001838FB /* CalculatorInputView.swift in Sources */,
				577F845B1ED5E072001838FB /* AppDelegate.swift in Sources */,
			);
			runOnlyForDeploymentPostprocessing = 0;
		};
/* End PBXSourcesBuildPhase section */

/* Begin PBXVariantGroup section */
		577F845E1ED5E072001838FB /* Main.storyboard */ = {
			isa = PBXVariantGroup;
			children = (
				577F845F1ED5E072001838FB /* Base */,
			);
			name = Main.storyboard;
			sourceTree = "<group>";
		};
		577F84631ED5E072001838FB /* LaunchScreen.storyboard */ = {
			isa = PBXVariantGroup;
			children = (
				577F84641ED5E072001838FB /* Base */,
			);
			name = LaunchScreen.storyboard;
			sourceTree = "<group>";
		};
/* End PBXVariantGroup section */

/* Begin XCBuildConfiguration section */
		577F847D1ED5E073001838FB /* Debug */ = {
			isa = XCBuildConfiguration;
			buildSettings = {
				ALWAYS_SEARCH_USER_PATHS = NO;
				CLANG_ANALYZER_NONNULL = YES;
				CLANG_ANALYZER_NUMBER_OBJECT_CONVERSION = YES_AGGRESSIVE;
				CLANG_CXX_LANGUAGE_STANDARD = "gnu++0x";
				CLANG_CXX_LIBRARY = "libc++";
				CLANG_ENABLE_MODULES = YES;
				CLANG_ENABLE_OBJC_ARC = YES;
				CLANG_WARN_BOOL_CONVERSION = YES;
				CLANG_WARN_CONSTANT_CONVERSION = YES;
				CLANG_WARN_DIRECT_OBJC_ISA_USAGE = YES_ERROR;
				CLANG_WARN_DOCUMENTATION_COMMENTS = YES;
				CLANG_WARN_EMPTY_BODY = YES;
				CLANG_WARN_ENUM_CONVERSION = YES;
				CLANG_WARN_INFINITE_RECURSION = YES;
				CLANG_WARN_INT_CONVERSION = YES;
				CLANG_WARN_OBJC_ROOT_CLASS = YES_ERROR;
				CLANG_WARN_SUSPICIOUS_MOVE = YES;
				CLANG_WARN_UNREACHABLE_CODE = YES;
				CLANG_WARN__DUPLICATE_METHOD_MATCH = YES;
				"CODE_SIGN_IDENTITY[sdk=iphoneos*]" = "iPhone Developer";
				COPY_PHASE_STRIP = NO;
				DEBUG_INFORMATION_FORMAT = dwarf;
				ENABLE_STRICT_OBJC_MSGSEND = YES;
				ENABLE_TESTABILITY = YES;
				GCC_C_LANGUAGE_STANDARD = gnu99;
				GCC_DYNAMIC_NO_PIC = NO;
				GCC_NO_COMMON_BLOCKS = YES;
				GCC_OPTIMIZATION_LEVEL = 0;
				GCC_PREPROCESSOR_DEFINITIONS = (
					"DEBUG=1",
					"$(inherited)",
				);
				GCC_WARN_64_TO_32_BIT_CONVERSION = YES;
				GCC_WARN_ABOUT_RETURN_TYPE = YES_ERROR;
				GCC_WARN_UNDECLARED_SELECTOR = YES;
				GCC_WARN_UNINITIALIZED_AUTOS = YES_AGGRESSIVE;
				GCC_WARN_UNUSED_FUNCTION = YES;
				GCC_WARN_UNUSED_VARIABLE = YES;
				IPHONEOS_DEPLOYMENT_TARGET = 10.3;
				MTL_ENABLE_DEBUG_INFO = YES;
				ONLY_ACTIVE_ARCH = YES;
				SDKROOT = iphoneos;
				SWIFT_ACTIVE_COMPILATION_CONDITIONS = DEBUG;
				SWIFT_OPTIMIZATION_LEVEL = "-Onone";
				TARGETED_DEVICE_FAMILY = "1,2";
			};
			name = Debug;
		};
		577F847E1ED5E073001838FB /* Release */ = {
			isa = XCBuildConfiguration;
			buildSettings = {
				ALWAYS_SEARCH_USER_PATHS = NO;
				CLANG_ANALYZER_NONNULL = YES;
				CLANG_ANALYZER_NUMBER_OBJECT_CONVERSION = YES_AGGRESSIVE;
				CLANG_CXX_LANGUAGE_STANDARD = "gnu++0x";
				CLANG_CXX_LIBRARY = "libc++";
				CLANG_ENABLE_MODULES = YES;
				CLANG_ENABLE_OBJC_ARC = YES;
				CLANG_WARN_BOOL_CONVERSION = YES;
				CLANG_WARN_CONSTANT_CONVERSION = YES;
				CLANG_WARN_DIRECT_OBJC_ISA_USAGE = YES_ERROR;
				CLANG_WARN_DOCUMENTATION_COMMENTS = YES;
				CLANG_WARN_EMPTY_BODY = YES;
				CLANG_WARN_ENUM_CONVERSION = YES;
				CLANG_WARN_INFINITE_RECURSION = YES;
				CLANG_WARN_INT_CONVERSION = YES;
				CLANG_WARN_OBJC_ROOT_CLASS = YES_ERROR;
				CLANG_WARN_SUSPICIOUS_MOVE = YES;
				CLANG_WARN_UNREACHABLE_CODE = YES;
				CLANG_WARN__DUPLICATE_METHOD_MATCH = YES;
				"CODE_SIGN_IDENTITY[sdk=iphoneos*]" = "iPhone Developer";
				COPY_PHASE_STRIP = NO;
				DEBUG_INFORMATION_FORMAT = "dwarf-with-dsym";
				ENABLE_NS_ASSERTIONS = NO;
				ENABLE_STRICT_OBJC_MSGSEND = YES;
				GCC_C_LANGUAGE_STANDARD = gnu99;
				GCC_NO_COMMON_BLOCKS = YES;
				GCC_WARN_64_TO_32_BIT_CONVERSION = YES;
				GCC_WARN_ABOUT_RETURN_TYPE = YES_ERROR;
				GCC_WARN_UNDECLARED_SELECTOR = YES;
				GCC_WARN_UNINITIALIZED_AUTOS = YES_AGGRESSIVE;
				GCC_WARN_UNUSED_FUNCTION = YES;
				GCC_WARN_UNUSED_VARIABLE = YES;
				IPHONEOS_DEPLOYMENT_TARGET = 10.3;
				MTL_ENABLE_DEBUG_INFO = NO;
				SDKROOT = iphoneos;
				SWIFT_OPTIMIZATION_LEVEL = "-Owholemodule";
				TARGETED_DEVICE_FAMILY = "1,2";
				VALIDATE_PRODUCT = YES;
			};
			name = Release;
		};
		577F84801ED5E073001838FB /* Debug */ = {
			isa = XCBuildConfiguration;
			buildSettings = {
				ALWAYS_EMBED_SWIFT_STANDARD_LIBRARIES = YES;
				ASSETCATALOG_COMPILER_APPICON_NAME = AppIcon;
				DEVELOPMENT_TEAM = EWU83H92V3;
				INFOPLIST_FILE = Demo/Info.plist;
				IPHONEOS_DEPLOYMENT_TARGET = 10.0;
				LD_RUNPATH_SEARCH_PATHS = "$(inherited) @executable_path/Frameworks";
				PRODUCT_BUNDLE_IDENTIFIER = com.Kris.Demo;
				PRODUCT_NAME = "$(TARGET_NAME)";
				SWIFT_VERSION = 3.0;
			};
			name = Debug;
		};
		577F84811ED5E073001838FB /* Release */ = {
			isa = XCBuildConfiguration;
			buildSettings = {
				ALWAYS_EMBED_SWIFT_STANDARD_LIBRARIES = YES;
				ASSETCATALOG_COMPILER_APPICON_NAME = AppIcon;
				DEVELOPMENT_TEAM = EWU83H92V3;
				INFOPLIST_FILE = Demo/Info.plist;
				IPHONEOS_DEPLOYMENT_TARGET = 10.0;
				LD_RUNPATH_SEARCH_PATHS = "$(inherited) @executable_path/Frameworks";
				PRODUCT_BUNDLE_IDENTIFIER = com.Kris.Demo;
				PRODUCT_NAME = "$(TARGET_NAME)";
				SWIFT_VERSION = 3.0;
			};
			name = Release;
		};
/* End XCBuildConfiguration section */

/* Begin XCConfigurationList section */
		577F84521ED5E072001838FB /* Build configuration list for PBXProject "Demo" */ = {
			isa = XCConfigurationList;
			buildConfigurations = (
				577F847D1ED5E073001838FB /* Debug */,
				577F847E1ED5E073001838FB /* Release */,
			);
			defaultConfigurationIsVisible = 0;
			defaultConfigurationName = Release;
		};
		577F847F1ED5E073001838FB /* Build configuration list for PBXNativeTarget "Demo" */ = {
			isa = XCConfigurationList;
			buildConfigurations = (
				577F84801ED5E073001838FB /* Debug */,
				577F84811ED5E073001838FB /* Release */,
			);
			defaultConfigurationIsVisible = 0;
			defaultConfigurationName = Release;
		};
/* End XCConfigurationList section */
	};
	rootObject = 577F844F1ED5E072001838FB /* Project object */;
}
